
Microsoft Visual Studio Solution File, Format Version 12.00
# Visual Studio 15
VisualStudioVersion = 15.0.27703.2018
MinimumVisualStudioVersion = 10.0.40219.1
Project("{2150E333-8FDC-42A3-9474-1A3956D46DE8}") = "src", "src", "{E1D72499-2F75-4DEB-9E33-82C73849F9B8}"
EndProject
Project("{2150E333-8FDC-42A3-9474-1A3956D46DE8}") = "tests", "tests", "{75F95E74-B308-40D3-805E-A66A236B99B3}"
EndProject
Project("{FAE04EC0-301F-11D3-BF4B-00C04F79EFBC}") = "RaiseDonors.Rest", "RaiseDonors.Rest\RaiseDonors.Rest.csproj", "{3E79ECF3-A5FA-447C-A6D1-6175641B237F}"
EndProject
Global
	GlobalSection(SolutionConfigurationPlatforms) = preSolution
		Debug|Any CPU = Debug|Any CPU
		Release|Any CPU = Release|Any CPU
	EndGlobalSection
	GlobalSection(ProjectConfigurationPlatforms) = postSolution
		{3E79ECF3-A5FA-447C-A6D1-6175641B237F}.Debug|Any CPU.ActiveCfg = Debug|Any CPU
		{3E79ECF3-A5FA-447C-A6D1-6175641B237F}.Debug|Any CPU.Build.0 = Debug|Any CPU
		{3E79ECF3-A5FA-447C-A6D1-6175641B237F}.Release|Any CPU.ActiveCfg = Release|Any CPU
		{3E79ECF3-A5FA-447C-A6D1-6175641B237F}.Release|Any CPU.Build.0 = Release|Any CPU
	EndGlobalSection
	GlobalSection(SolutionProperties) = preSolution
		HideSolutionNode = FALSE
	EndGlobalSection
	GlobalSection(NestedProjects) = preSolution
		{3E79ECF3-A5FA-447C-A6D1-6175641B237F} = {E1D72499-2F75-4DEB-9E33-82C73849F9B8}
	EndGlobalSection
	GlobalSection(ExtensibilityGlobals) = postSolution
		SolutionGuid = {682EB03F-5388-443E-BB2A-4ECB3EE968DF}
	EndGlobalSection
EndGlobal
